PODS:
  - JSONModel (1.7.0)
  - podDemo (0.1.0):
    - JSONModel

DEPENDENCIES:
  - podDemo (from `../`)

EXTERNAL SOURCES:
  podDemo:
    :path: ../

SPEC CHECKSUMS:
  JSONModel: 840bc0fcffb24b8454d2c026bf26fea454b8e98d
  podDemo: c387b683f924440c8ef8c482bdc00c338c5dc7d5

PODFILE CHECKSUM: a7a69d00c9e6177661e5679afe5fa45e861e09f8

COCOAPODS: 1.3.1
